
Microsoft Visual Studio Solution File, Format Version 12.00
# Visual Studio Version 17
VisualStudioVersion = 17.7.34221.43
MinimumVisualStudioVersion = 10.0.40219.1
Project("{FAE04EC0-301F-11D3-BF4B-00C04F79EFBC}") = "Moon", "Moon.csproj", "{2578A060-41F7-4AED-AC62-3B32D87ED34F}"
EndProject
Global
	GlobalSection(SolutionConfigurationPlatforms) = preSolution
		Debug|Any CPU = Debug|Any CPU
		Release|Any CPU = Release|Any CPU
	EndGlobalSection
	GlobalSection(ProjectConfigurationPlatforms) = postSolution
		{2578A060-41F7-4AED-AC62-3B32D87ED34F}.Debug|Any CPU.ActiveCfg = Debug|Any CPU
		{2578A060-41F7-4AED-AC62-3B32D87ED34F}.Debug|Any CPU.Build.0 = Debug|Any CPU
		{2578A060-41F7-4AED-AC62-3B32D87ED34F}.Release|Any CPU.ActiveCfg = Release|Any CPU
		{2578A060-41F7-4AED-AC62-3B32D87ED34F}.Release|Any CPU.Build.0 = Release|Any CPU
	EndGlobalSection
	GlobalSection(SolutionProperties) = preSolution
		HideSolutionNode = FALSE
	EndGlobalSection
	GlobalSection(ExtensibilityGlobals) = postSolution
		SolutionGuid = {06E8D551-8B51-4284-83C2-BC76844A0B4F}
	EndGlobalSection
EndGlobal
